
Microsoft Visual Studio Solution File, Format Version 12.00
# Visual Studio Version 17
VisualStudioVersion = 17.6.33717.318
MinimumVisualStudioVersion = 10.0.40219.1
Project("{FAE04EC0-301F-11D3-BF4B-00C04F79EFBC}") = "GeneWebDriver", "GeneWebDriver\GeneWebDriver.csproj", "{D03AB0D6-239B-4E59-9FB7-E61CD6D73748}"
EndProject
Global
	GlobalSection(SolutionConfigurationPlatforms) = preSolution
		Debug|Any CPU = Debug|Any CPU
		Release|Any CPU = Release|Any CPU
	EndGlobalSection
	GlobalSection(ProjectConfigurationPlatforms) = postSolution
		{D03AB0D6-239B-4E59-9FB7-E61CD6D73748}.Debug|Any CPU.ActiveCfg = Debug|Any CPU
		{D03AB0D6-239B-4E59-9FB7-E61CD6D73748}.Debug|Any CPU.Build.0 = Debug|Any CPU
		{D03AB0D6-239B-4E59-9FB7-E61CD6D73748}.Release|Any CPU.ActiveCfg = Release|Any CPU
		{D03AB0D6-239B-4E59-9FB7-E61CD6D73748}.Release|Any CPU.Build.0 = Release|Any CPU
	EndGlobalSection
	GlobalSection(SolutionProperties) = preSolution
		HideSolutionNode = FALSE
	EndGlobalSection
	GlobalSection(ExtensibilityGlobals) = postSolution
		SolutionGuid = {5D33BDB4-F3BC-4F2E-A6FC-73834B61108E}
	EndGlobalSection
EndGlobal
